
Microsoft Visual Studio Solution File, Format Version 12.00
# Visual Studio Version 17
VisualStudioVersion = 17.1.32319.34
MinimumVisualStudioVersion = 10.0.40219.1
Project("{8BC9CEB8-8B4A-11D0-8D11-00A0C91BC942}") = "穷举", "穷举\穷举.vcxproj", "{0D1D9734-C321-4809-9108-2C30621C811B}"
EndProject
Project("{8BC9CEB8-8B4A-11D0-8D11-00A0C91BC942}") = "递归求每位数", "递归求每位数\递归求每位数.vcxproj", "{C0389647-9ACA-4568-A30C-208A17192AAB}"
EndProject
Project("{8BC9CEB8-8B4A-11D0-8D11-00A0C91BC942}") = "阶乘", "阶乘\阶乘.vcxproj", "{22747542-7876-43C0-B318-9C3199F3C32E}"
EndProject
Project("{8BC9CEB8-8B4A-11D0-8D11-00A0C91BC942}") = "斐波那契", "斐波那契\斐波那契.vcxproj", "{B936EFD3-64D4-46C7-B4E4-8B71E4035BDD}"
EndProject
Project("{8BC9CEB8-8B4A-11D0-8D11-00A0C91BC942}") = "汉诺塔", "汉诺塔\汉诺塔.vcxproj", "{3360287B-93CE-4CC9-ADB6-5A1A8877517E}"
EndProject
Project("{8BC9CEB8-8B4A-11D0-8D11-00A0C91BC942}") = "结构体指针", "结构体指针\结构体指针.vcxproj", "{B6C7D4ED-F694-49A5-9AEA-DCA716262E0F}"
EndProject
Project("{8BC9CEB8-8B4A-11D0-8D11-00A0C91BC942}") = "汽水问题", "汽水问题\汽水问题.vcxproj", "{0371FBD4-C938-4B4B-98D3-082B30BF06E0}"
EndProject
Project("{8BC9CEB8-8B4A-11D0-8D11-00A0C91BC942}") = "排奇偶数___", "排奇偶数\排奇偶数.vcxproj", "{18CD135A-A482-48CE-B628-DBE5EBFDE893}"
EndProject
Project("{8BC9CEB8-8B4A-11D0-8D11-00A0C91BC942}") = "结构体", "结构体\结构体.vcxproj", "{E035F279-77F1-4F09-8389-FD182E425956}"
EndProject
Project("{8BC9CEB8-8B4A-11D0-8D11-00A0C91BC942}") = "1010利润提成", "1010利润提成\1010利润提成.vcxproj", "{66FB1422-31A9-4748-B102-97AE2B63850D}"
EndProject
Project("{8BC9CEB8-8B4A-11D0-8D11-00A0C91BC942}") = "1012字符串 统计", "1012字符串分类统计\1012字符串分类统计.vcxproj", "{68F6E1D0-4A5F-40E2-88BC-6B484F2F8DCC}"
EndProject
Project("{8BC9CEB8-8B4A-11D0-8D11-00A0C91BC942}") = "1004递归母牛故事", "1004递归母牛故事\1004递归母牛故事.vcxproj", "{CC6C8CB7-A7C8-4E64-BD8D-573B0B3BD5FB}"
EndProject
Project("{8BC9CEB8-8B4A-11D0-8D11-00A0C91BC942}") = "1009颠倒数字", "1009颠倒数字\1009颠倒数字.vcxproj", "{C2BE4725-9B4A-4AC0-A4BB-B1A2A2752530}"
EndProject
Project("{8BC9CEB8-8B4A-11D0-8D11-00A0C91BC942}") = "1011最大公约最小公倍", "1011最大公约最小公倍\1011最大公约最小公倍.vcxproj", "{75D5CE1C-3871-40A0-8100-CF9C9C89F343}"
EndProject
Project("{8BC9CEB8-8B4A-11D0-8D11-00A0C91BC942}") = "1014阶乘求和", "1014阶乘求和\1014阶乘求和.vcxproj", "{119A929B-30D6-4FB8-95DD-E8008ACD4C6E}"
EndProject
Project("{8BC9CEB8-8B4A-11D0-8D11-00A0C91BC942}") = "1016水仙花数", "1016水仙花数\1016水仙花数.vcxproj", "{F2CA04A9-DDF7-4A01-903E-CA897C8F6D77}"
EndProject
Project("{8BC9CEB8-8B4A-11D0-8D11-00A0C91BC942}") = "1017 一个数=因数和", "1017完数的判断\1017完数的判断.vcxproj", "{3A90E28E-84BB-4991-A4E3-D52A10B56963}"
EndProject
Project("{8BC9CEB8-8B4A-11D0-8D11-00A0C91BC942}") = "1005温度转换", "1005温度转换\5-温度转换.vcxproj", "{290AA7AB-A2B4-434E-93A7-86A90A57348E}"
EndProject
Project("{8BC9CEB8-8B4A-11D0-8D11-00A0C91BC942}") = "判断闰年", "判断闰年\判断闰年.vcxproj", "{18B93E20-A8BC-44A0-BFAE-26BF3E0EE6D5}"
EndProject
Project("{8BC9CEB8-8B4A-11D0-8D11-00A0C91BC942}") = "1015和+平方和+倒数和", "1015和+平方和+倒数和\1015和+平方和+倒数和.vcxproj", "{042E41EE-FF4A-40F5-9986-FF8854524D4F}"
EndProject
Project("{8BC9CEB8-8B4A-11D0-8D11-00A0C91BC942}") = "越界访问", "越界访问\越界访问.vcxproj", "{23BE4217-F687-4CBB-91E8-72E85C29FBC2}"
EndProject
Project("{8BC9CEB8-8B4A-11D0-8D11-00A0C91BC942}") = "1008成绩评定", "1008成绩评定\1008成绩评定.vcxproj", "{C09640D0-27B2-4AC5-AF24-61BBB3762E11}"
EndProject
Project("{8BC9CEB8-8B4A-11D0-8D11-00A0C91BC942}") = "1013求2+22--22222", "1013求2+22--22222\1013求2+22--22222.vcxproj", "{A079A631-AD06-4F0C-9D56-8FC3126B5049}"
EndProject
Project("{8BC9CEB8-8B4A-11D0-8D11-00A0C91BC942}") = "数组拷贝", "数组拷贝\数组拷贝.vcxproj", "{05121E22-1162-4A65-82BF-FFAC867DF9A9}"
EndProject
Global
	GlobalSection(SolutionConfigurationPlatforms) = preSolution
		Debug|x64 = Debug|x64
		Debug|x86 = Debug|x86
		Release|x64 = Release|x64
		Release|x86 = Release|x86
	EndGlobalSection
	GlobalSection(ProjectConfigurationPlatforms) = postSolution
		{0D1D9734-C321-4809-9108-2C30621C811B}.Debug|x64.ActiveCfg = Debug|x64
		{0D1D9734-C321-4809-9108-2C30621C811B}.Debug|x64.Build.0 = Debug|x64
		{0D1D9734-C321-4809-9108-2C30621C811B}.Debug|x86.ActiveCfg = Debug|Win32
		{0D1D9734-C321-4809-9108-2C30621C811B}.Debug|x86.Build.0 = Debug|Win32
		{0D1D9734-C321-4809-9108-2C30621C811B}.Release|x64.ActiveCfg = Release|x64
		{0D1D9734-C321-4809-9108-2C30621C811B}.Release|x64.Build.0 = Release|x64
		{0D1D9734-C321-4809-9108-2C30621C811B}.Release|x86.ActiveCfg = Release|Win32
		{0D1D9734-C321-4809-9108-2C30621C811B}.Release|x86.Build.0 = Release|Win32
		{C0389647-9ACA-4568-A30C-208A17192AAB}.Debug|x64.ActiveCfg = Debug|x64
		{C0389647-9ACA-4568-A30C-208A17192AAB}.Debug|x64.Build.0 = Debug|x64
		{C0389647-9ACA-4568-A30C-208A17192AAB}.Debug|x86.ActiveCfg = Debug|Win32
		{C0389647-9ACA-4568-A30C-208A17192AAB}.Debug|x86.Build.0 = Debug|Win32
		{C0389647-9ACA-4568-A30C-208A17192AAB}.Release|x64.ActiveCfg = Release|x64
		{C0389647-9ACA-4568-A30C-208A17192AAB}.Release|x64.Build.0 = Release|x64
		{C0389647-9ACA-4568-A30C-208A17192AAB}.Release|x86.ActiveCfg = Release|Win32
		{C0389647-9ACA-4568-A30C-208A17192AAB}.Release|x86.Build.0 = Release|Win32
		{22747542-7876-43C0-B318-9C3199F3C32E}.Debug|x64.ActiveCfg = Debug|x64
		{22747542-7876-43C0-B318-9C3199F3C32E}.Debug|x64.Build.0 = Debug|x64
		{22747542-7876-43C0-B318-9C3199F3C32E}.Debug|x86.ActiveCfg = Debug|Win32
		{22747542-7876-43C0-B318-9C3199F3C32E}.Debug|x86.Build.0 = Debug|Win32
		{22747542-7876-43C0-B318-9C3199F3C32E}.Release|x64.ActiveCfg = Release|x64
		{22747542-7876-43C0-B318-9C3199F3C32E}.Release|x64.Build.0 = Release|x64
		{22747542-7876-43C0-B318-9C3199F3C32E}.Release|x86.ActiveCfg = Release|Win32
		{22747542-7876-43C0-B318-9C3199F3C32E}.Release|x86.Build.0 = Release|Win32
		{B936EFD3-64D4-46C7-B4E4-8B71E4035BDD}.Debug|x64.ActiveCfg = Debug|x64
		{B936EFD3-64D4-46C7-B4E4-8B71E4035BDD}.Debug|x64.Build.0 = Debug|x64
		{B936EFD3-64D4-46C7-B4E4-8B71E4035BDD}.Debug|x86.ActiveCfg = Debug|Win32
		{B936EFD3-64D4-46C7-B4E4-8B71E4035BDD}.Debug|x86.Build.0 = Debug|Win32
		{B936EFD3-64D4-46C7-B4E4-8B71E4035BDD}.Release|x64.ActiveCfg = Release|x64
		{B936EFD3-64D4-46C7-B4E4-8B71E4035BDD}.Release|x64.Build.0 = Release|x64
		{B936EFD3-64D4-46C7-B4E4-8B71E4035BDD}.Release|x86.ActiveCfg = Release|Win32
		{B936EFD3-64D4-46C7-B4E4-8B71E4035BDD}.Release|x86.Build.0 = Release|Win32
		{3360287B-93CE-4CC9-ADB6-5A1A8877517E}.Debug|x64.ActiveCfg = Debug|x64
		{3360287B-93CE-4CC9-ADB6-5A1A8877517E}.Debug|x64.Build.0 = Debug|x64
		{3360287B-93CE-4CC9-ADB6-5A1A8877517E}.Debug|x86.ActiveCfg = Debug|Win32
		{3360287B-93CE-4CC9-ADB6-5A1A8877517E}.Debug|x86.Build.0 = Debug|Win32
		{3360287B-93CE-4CC9-ADB6-5A1A8877517E}.Release|x64.ActiveCfg = Release|x64
		{3360287B-93CE-4CC9-ADB6-5A1A8877517E}.Release|x64.Build.0 = Release|x64
		{3360287B-93CE-4CC9-ADB6-5A1A8877517E}.Release|x86.ActiveCfg = Release|Win32
		{3360287B-93CE-4CC9-ADB6-5A1A8877517E}.Release|x86.Build.0 = Release|Win32
		{B6C7D4ED-F694-49A5-9AEA-DCA716262E0F}.Debug|x64.ActiveCfg = Debug|x64
		{B6C7D4ED-F694-49A5-9AEA-DCA716262E0F}.Debug|x64.Build.0 = Debug|x64
		{B6C7D4ED-F694-49A5-9AEA-DCA716262E0F}.Debug|x86.ActiveCfg = Debug|Win32
		{B6C7D4ED-F694-49A5-9AEA-DCA716262E0F}.Debug|x86.Build.0 = Debug|Win32
		{B6C7D4ED-F694-49A5-9AEA-DCA716262E0F}.Release|x64.ActiveCfg = Release|x64
		{B6C7D4ED-F694-49A5-9AEA-DCA716262E0F}.Release|x64.Build.0 = Release|x64
		{B6C7D4ED-F694-49A5-9AEA-DCA716262E0F}.Release|x86.ActiveCfg = Release|Win32
		{B6C7D4ED-F694-49A5-9AEA-DCA716262E0F}.Release|x86.Build.0 = Release|Win32
		{0371FBD4-C938-4B4B-98D3-082B30BF06E0}.Debug|x64.ActiveCfg = Debug|x64
		{0371FBD4-C938-4B4B-98D3-082B30BF06E0}.Debug|x64.Build.0 = Debug|x64
		{0371FBD4-C938-4B4B-98D3-082B30BF06E0}.Debug|x86.ActiveCfg = Debug|Win32
		{0371FBD4-C938-4B4B-98D3-082B30BF06E0}.Debug|x86.Build.0 = Debug|Win32
		{0371FBD4-C938-4B4B-98D3-082B30BF06E0}.Release|x64.ActiveCfg = Release|x64
		{0371FBD4-C938-4B4B-98D3-082B30BF06E0}.Release|x64.Build.0 = Release|x64
		{0371FBD4-C938-4B4B-98D3-082B30BF06E0}.Release|x86.ActiveCfg = Release|Win32
		{0371FBD4-C938-4B4B-98D3-082B30BF06E0}.Release|x86.Build.0 = Release|Win32
		{18CD135A-A482-48CE-B628-DBE5EBFDE893}.Debug|x64.ActiveCfg = Debug|x64
		{18CD135A-A482-48CE-B628-DBE5EBFDE893}.Debug|x64.Build.0 = Debug|x64
		{18CD135A-A482-48CE-B628-DBE5EBFDE893}.Debug|x86.ActiveCfg = Debug|Win32
		{18CD135A-A482-48CE-B628-DBE5EBFDE893}.Debug|x86.Build.0 = Debug|Win32
		{18CD135A-A482-48CE-B628-DBE5EBFDE893}.Release|x64.ActiveCfg = Release|x64
		{18CD135A-A482-48CE-B628-DBE5EBFDE893}.Release|x64.Build.0 = Release|x64
		{18CD135A-A482-48CE-B628-DBE5EBFDE893}.Release|x86.ActiveCfg = Release|Win32
		{18CD135A-A482-48CE-B628-DBE5EBFDE893}.Release|x86.Build.0 = Release|Win32
		{E035F279-77F1-4F09-8389-FD182E425956}.Debug|x64.ActiveCfg = Debug|x64
		{E035F279-77F1-4F09-8389-FD182E425956}.Debug|x64.Build.0 = Debug|x64
		{E035F279-77F1-4F09-8389-FD182E425956}.Debug|x86.ActiveCfg = Debug|Win32
		{E035F279-77F1-4F09-8389-FD182E425956}.Debug|x86.Build.0 = Debug|Win32
		{E035F279-77F1-4F09-8389-FD182E425956}.Release|x64.ActiveCfg = Release|x64
		{E035F279-77F1-4F09-8389-FD182E425956}.Release|x64.Build.0 = Release|x64
		{E035F279-77F1-4F09-8389-FD182E425956}.Release|x86.ActiveCfg = Release|Win32
		{E035F279-77F1-4F09-8389-FD182E425956}.Release|x86.Build.0 = Release|Win32
		{66FB1422-31A9-4748-B102-97AE2B63850D}.Debug|x64.ActiveCfg = Debug|x64
		{66FB1422-31A9-4748-B102-97AE2B63850D}.Debug|x64.Build.0 = Debug|x64
		{66FB1422-31A9-4748-B102-97AE2B63850D}.Debug|x86.ActiveCfg = Debug|Win32
		{66FB1422-31A9-4748-B102-97AE2B63850D}.Debug|x86.Build.0 = Debug|Win32
		{66FB1422-31A9-4748-B102-97AE2B63850D}.Release|x64.ActiveCfg = Release|x64
		{66FB1422-31A9-4748-B102-97AE2B63850D}.Release|x64.Build.0 = Release|x64
		{66FB1422-31A9-4748-B102-97AE2B63850D}.Release|x86.ActiveCfg = Release|Win32
		{66FB1422-31A9-4748-B102-97AE2B63850D}.Release|x86.Build.0 = Release|Win32
		{68F6E1D0-4A5F-40E2-88BC-6B484F2F8DCC}.Debug|x64.ActiveCfg = Debug|x64
		{68F6E1D0-4A5F-40E2-88BC-6B484F2F8DCC}.Debug|x64.Build.0 = Debug|x64
		{68F6E1D0-4A5F-40E2-88BC-6B484F2F8DCC}.Debug|x86.ActiveCfg = Debug|Win32
		{68F6E1D0-4A5F-40E2-88BC-6B484F2F8DCC}.Debug|x86.Build.0 = Debug|Win32
		{68F6E1D0-4A5F-40E2-88BC-6B484F2F8DCC}.Release|x64.ActiveCfg = Release|x64
		{68F6E1D0-4A5F-40E2-88BC-6B484F2F8DCC}.Release|x64.Build.0 = Release|x64
		{68F6E1D0-4A5F-40E2-88BC-6B484F2F8DCC}.Release|x86.ActiveCfg = Release|Win32
		{68F6E1D0-4A5F-40E2-88BC-6B484F2F8DCC}.Release|x86.Build.0 = Release|Win32
		{CC6C8CB7-A7C8-4E64-BD8D-573B0B3BD5FB}.Debug|x64.ActiveCfg = Debug|x64
		{CC6C8CB7-A7C8-4E64-BD8D-573B0B3BD5FB}.Debug|x64.Build.0 = Debug|x64
		{CC6C8CB7-A7C8-4E64-BD8D-573B0B3BD5FB}.Debug|x86.ActiveCfg = Debug|Win32
		{CC6C8CB7-A7C8-4E64-BD8D-573B0B3BD5FB}.Debug|x86.Build.0 = Debug|Win32
		{CC6C8CB7-A7C8-4E64-BD8D-573B0B3BD5FB}.Release|x64.ActiveCfg = Release|x64
		{CC6C8CB7-A7C8-4E64-BD8D-573B0B3BD5FB}.Release|x64.Build.0 = Release|x64
		{CC6C8CB7-A7C8-4E64-BD8D-573B0B3BD5FB}.Release|x86.ActiveCfg = Release|Win32
		{CC6C8CB7-A7C8-4E64-BD8D-573B0B3BD5FB}.Release|x86.Build.0 = Release|Win32
		{C2BE4725-9B4A-4AC0-A4BB-B1A2A2752530}.Debug|x64.ActiveCfg = Debug|x64
		{C2BE4725-9B4A-4AC0-A4BB-B1A2A2752530}.Debug|x64.Build.0 = Debug|x64
		{C2BE4725-9B4A-4AC0-A4BB-B1A2A2752530}.Debug|x86.ActiveCfg = Debug|Win32
		{C2BE4725-9B4A-4AC0-A4BB-B1A2A2752530}.Debug|x86.Build.0 = Debug|Win32
		{C2BE4725-9B4A-4AC0-A4BB-B1A2A2752530}.Release|x64.ActiveCfg = Release|x64
		{C2BE4725-9B4A-4AC0-A4BB-B1A2A2752530}.Release|x64.Build.0 = Release|x64
		{C2BE4725-9B4A-4AC0-A4BB-B1A2A2752530}.Release|x86.ActiveCfg = Release|Win32
		{C2BE4725-9B4A-4AC0-A4BB-B1A2A2752530}.Release|x86.Build.0 = Release|Win32
		{75D5CE1C-3871-40A0-8100-CF9C9C89F343}.Debug|x64.ActiveCfg = Debug|x64
		{75D5CE1C-3871-40A0-8100-CF9C9C89F343}.Debug|x64.Build.0 = Debug|x64
		{75D5CE1C-3871-40A0-8100-CF9C9C89F343}.Debug|x86.ActiveCfg = Debug|Win32
		{75D5CE1C-3871-40A0-8100-CF9C9C89F343}.Debug|x86.Build.0 = Debug|Win32
		{75D5CE1C-3871-40A0-8100-CF9C9C89F343}.Release|x64.ActiveCfg = Release|x64
		{75D5CE1C-3871-40A0-8100-CF9C9C89F343}.Release|x64.Build.0 = Release|x64
		{75D5CE1C-3871-40A0-8100-CF9C9C89F343}.Release|x86.ActiveCfg = Release|Win32
		{75D5CE1C-3871-40A0-8100-CF9C9C89F343}.Release|x86.Build.0 = Release|Win32
		{119A929B-30D6-4FB8-95DD-E8008ACD4C6E}.Debug|x64.ActiveCfg = Debug|x64
		{119A929B-30D6-4FB8-95DD-E8008ACD4C6E}.Debug|x64.Build.0 = Debug|x64
		{119A929B-30D6-4FB8-95DD-E8008ACD4C6E}.Debug|x86.ActiveCfg = Debug|Win32
		{119A929B-30D6-4FB8-95DD-E8008ACD4C6E}.Debug|x86.Build.0 = Debug|Win32
		{119A929B-30D6-4FB8-95DD-E8008ACD4C6E}.Release|x64.ActiveCfg = Release|x64
		{119A929B-30D6-4FB8-95DD-E8008ACD4C6E}.Release|x64.Build.0 = Release|x64
		{119A929B-30D6-4FB8-95DD-E8008ACD4C6E}.Release|x86.ActiveCfg = Release|Win32
		{119A929B-30D6-4FB8-95DD-E8008ACD4C6E}.Release|x86.Build.0 = Release|Win32
		{F2CA04A9-DDF7-4A01-903E-CA897C8F6D77}.Debug|x64.ActiveCfg = Debug|x64
		{F2CA04A9-DDF7-4A01-903E-CA897C8F6D77}.Debug|x64.Build.0 = Debug|x64
		{F2CA04A9-DDF7-4A01-903E-CA897C8F6D77}.Debug|x86.ActiveCfg = Debug|Win32
		{F2CA04A9-DDF7-4A01-903E-CA897C8F6D77}.Debug|x86.Build.0 = Debug|Win32
		{F2CA04A9-DDF7-4A01-903E-CA897C8F6D77}.Release|x64.ActiveCfg = Release|x64
		{F2CA04A9-DDF7-4A01-903E-CA897C8F6D77}.Release|x64.Build.0 = Release|x64
		{F2CA04A9-DDF7-4A01-903E-CA897C8F6D77}.Release|x86.ActiveCfg = Release|Win32
		{F2CA04A9-DDF7-4A01-903E-CA897C8F6D77}.Release|x86.Build.0 = Release|Win32
		{3A90E28E-84BB-4991-A4E3-D52A10B56963}.Debug|x64.ActiveCfg = Debug|x64
		{3A90E28E-84BB-4991-A4E3-D52A10B56963}.Debug|x64.Build.0 = Debug|x64
		{3A90E28E-84BB-4991-A4E3-D52A10B56963}.Debug|x86.ActiveCfg = Debug|Win32
		{3A90E28E-84BB-4991-A4E3-D52A10B56963}.Debug|x86.Build.0 = Debug|Win32
		{3A90E28E-84BB-4991-A4E3-D52A10B56963}.Release|x64.ActiveCfg = Release|x64
		{3A90E28E-84BB-4991-A4E3-D52A10B56963}.Release|x64.Build.0 = Release|x64
		{3A90E28E-84BB-4991-A4E3-D52A10B56963}.Release|x86.ActiveCfg = Release|Win32
		{3A90E28E-84BB-4991-A4E3-D52A10B56963}.Release|x86.Build.0 = Release|Win32
		{290AA7AB-A2B4-434E-93A7-86A90A57348E}.Debug|x64.ActiveCfg = Debug|x64
		{290AA7AB-A2B4-434E-93A7-86A90A57348E}.Debug|x64.Build.0 = Debug|x64
		{290AA7AB-A2B4-434E-93A7-86A90A57348E}.Debug|x86.ActiveCfg = Debug|Win32
		{290AA7AB-A2B4-434E-93A7-86A90A57348E}.Debug|x86.Build.0 = Debug|Win32
		{290AA7AB-A2B4-434E-93A7-86A90A57348E}.Release|x64.ActiveCfg = Release|x64
		{290AA7AB-A2B4-434E-93A7-86A90A57348E}.Release|x64.Build.0 = Release|x64
		{290AA7AB-A2B4-434E-93A7-86A90A57348E}.Release|x86.ActiveCfg = Release|Win32
		{290AA7AB-A2B4-434E-93A7-86A90A57348E}.Release|x86.Build.0 = Release|Win32
		{18B93E20-A8BC-44A0-BFAE-26BF3E0EE6D5}.Debug|x64.ActiveCfg = Debug|x64
		{18B93E20-A8BC-44A0-BFAE-26BF3E0EE6D5}.Debug|x64.Build.0 = Debug|x64
		{18B93E20-A8BC-44A0-BFAE-26BF3E0EE6D5}.Debug|x86.ActiveCfg = Debug|Win32
		{18B93E20-A8BC-44A0-BFAE-26BF3E0EE6D5}.Debug|x86.Build.0 = Debug|Win32
		{18B93E20-A8BC-44A0-BFAE-26BF3E0EE6D5}.Release|x64.ActiveCfg = Release|x64
		{18B93E20-A8BC-44A0-BFAE-26BF3E0EE6D5}.Release|x64.Build.0 = Release|x64
		{18B93E20-A8BC-44A0-BFAE-26BF3E0EE6D5}.Release|x86.ActiveCfg = Release|Win32
		{18B93E20-A8BC-44A0-BFAE-26BF3E0EE6D5}.Release|x86.Build.0 = Release|Win32
		{042E41EE-FF4A-40F5-9986-FF8854524D4F}.Debug|x64.ActiveCfg = Debug|x64
		{042E41EE-FF4A-40F5-9986-FF8854524D4F}.Debug|x64.Build.0 = Debug|x64
		{042E41EE-FF4A-40F5-9986-FF8854524D4F}.Debug|x86.ActiveCfg = Debug|Win32
		{042E41EE-FF4A-40F5-9986-FF8854524D4F}.Debug|x86.Build.0 = Debug|Win32
		{042E41EE-FF4A-40F5-9986-FF8854524D4F}.Release|x64.ActiveCfg = Release|x64
		{042E41EE-FF4A-40F5-9986-FF8854524D4F}.Release|x64.Build.0 = Release|x64
		{042E41EE-FF4A-40F5-9986-FF8854524D4F}.Release|x86.ActiveCfg = Release|Win32
		{042E41EE-FF4A-40F5-9986-FF8854524D4F}.Release|x86.Build.0 = Release|Win32
		{23BE4217-F687-4CBB-91E8-72E85C29FBC2}.Debug|x64.ActiveCfg = Debug|x64
		{23BE4217-F687-4CBB-91E8-72E85C29FBC2}.Debug|x64.Build.0 = Debug|x64
		{23BE4217-F687-4CBB-91E8-72E85C29FBC2}.Debug|x86.ActiveCfg = Debug|Win32
		{23BE4217-F687-4CBB-91E8-72E85C29FBC2}.Debug|x86.Build.0 = Debug|Win32
		{23BE4217-F687-4CBB-91E8-72E85C29FBC2}.Release|x64.ActiveCfg = Release|x64
		{23BE4217-F687-4CBB-91E8-72E85C29FBC2}.Release|x64.Build.0 = Release|x64
		{23BE4217-F687-4CBB-91E8-72E85C29FBC2}.Release|x86.ActiveCfg = Release|Win32
		{23BE4217-F687-4CBB-91E8-72E85C29FBC2}.Release|x86.Build.0 = Release|Win32
		{C09640D0-27B2-4AC5-AF24-61BBB3762E11}.Debug|x64.ActiveCfg = Debug|x64
		{C09640D0-27B2-4AC5-AF24-61BBB3762E11}.Debug|x64.Build.0 = Debug|x64
		{C09640D0-27B2-4AC5-AF24-61BBB3762E11}.Debug|x86.ActiveCfg = Debug|Win32
		{C09640D0-27B2-4AC5-AF24-61BBB3762E11}.Debug|x86.Build.0 = Debug|Win32
		{C09640D0-27B2-4AC5-AF24-61BBB3762E11}.Release|x64.ActiveCfg = Release|x64
		{C09640D0-27B2-4AC5-AF24-61BBB3762E11}.Release|x64.Build.0 = Release|x64
		{C09640D0-27B2-4AC5-AF24-61BBB3762E11}.Release|x86.ActiveCfg = Release|Win32
		{C09640D0-27B2-4AC5-AF24-61BBB3762E11}.Release|x86.Build.0 = Release|Win32
		{A079A631-AD06-4F0C-9D56-8FC3126B5049}.Debug|x64.ActiveCfg = Debug|x64
		{A079A631-AD06-4F0C-9D56-8FC3126B5049}.Debug|x64.Build.0 = Debug|x64
		{A079A631-AD06-4F0C-9D56-8FC3126B5049}.Debug|x86.ActiveCfg = Debug|Win32
		{A079A631-AD06-4F0C-9D56-8FC3126B5049}.Debug|x86.Build.0 = Debug|Win32
		{A079A631-AD06-4F0C-9D56-8FC3126B5049}.Release|x64.ActiveCfg = Release|x64
		{A079A631-AD06-4F0C-9D56-8FC3126B5049}.Release|x64.Build.0 = Release|x64
		{A079A631-AD06-4F0C-9D56-8FC3126B5049}.Release|x86.ActiveCfg = Release|Win32
		{A079A631-AD06-4F0C-9D56-8FC3126B5049}.Release|x86.Build.0 = Release|Win32
		{05121E22-1162-4A65-82BF-FFAC867DF9A9}.Debug|x64.ActiveCfg = Debug|x64
		{05121E22-1162-4A65-82BF-FFAC867DF9A9}.Debug|x64.Build.0 = Debug|x64
		{05121E22-1162-4A65-82BF-FFAC867DF9A9}.Debug|x86.ActiveCfg = Debug|Win32
		{05121E22-1162-4A65-82BF-FFAC867DF9A9}.Debug|x86.Build.0 = Debug|Win32
		{05121E22-1162-4A65-82BF-FFAC867DF9A9}.Release|x64.ActiveCfg = Release|x64
		{05121E22-1162-4A65-82BF-FFAC867DF9A9}.Release|x64.Build.0 = Release|x64
		{05121E22-1162-4A65-82BF-FFAC867DF9A9}.Release|x86.ActiveCfg = Release|Win32
		{05121E22-1162-4A65-82BF-FFAC867DF9A9}.Release|x86.Build.0 = Release|Win32
	EndGlobalSection
	GlobalSection(SolutionProperties) = preSolution
		HideSolutionNode = FALSE
	EndGlobalSection
	GlobalSection(ExtensibilityGlobals) = postSolution
		SolutionGuid = {7BFEBC60-6EF8-46E3-9E4F-61C2855BAC6F}
	EndGlobalSection
EndGlobal
